github.com/GitbookIO/diskache v0.0.0-20161028144708-bfb81bf58cb1 h1:1ui53h0HCYjyrlza+yY+sQsulJdHdYL/xdVWIH3UsyE=
github.com/GitbookIO/diskache v0.0.0-20161028144708-bfb81bf58cb1/go.mod h1:TTHndD25/UJVOyBl/vOq2g5RIg4bidGlmtzb+4Zr+Nw=
github.com/GitbookIO/syncgroup v0.0.0-20181003125046-3e73b2e6a972 h1:t9LCqP1L6hvq0uQAzFp20CPpHzlZGLoNFG2bm4I/4F4=
github.com/GitbookIO/syncgroup v0.0.0-20181003125046-3e73b2e6a972/go.mod h1:2Cn3sd0iZa+NmA9dsv8p/fQMx0TK+jzQUbJSjULomrc=
github.com/hpcloud/tail v1.0.0 h1:nfCOvKYfkgYP8hkirhJocXT2+zOD8yUNjXaWfTlyFKI=
github.com/hpcloud/tail v1.0.0/go.mod h1:ab1qPbhIpdTxEkNHXyeSf5vhxWSCs/tWer42PpOxQnU=
github.com/joho/godotenv v1.3.0/go.mod h1:7hK45KPybAkOC6peb+G5yklZfMxEjkZhHbwpqxOKXbg=
github.com/rakutentech/go-alertnotification v1.0.2 h1:xx3hO1qrqC7oY3jHbQ4dZvW5yUqJlb0vzcv65xJWDII=
github.com/rakutentech/go-alertnotification v1.0.2/go.mod h1:dWsBSMTiYipEf6o1M3UI1jrHH4xlSHqmhvpt9OXKG3w=
golang.org/x/sys v0.0.0-20200625212154-ddb9806d33ae h1:Ih9Yo4hSPImZOpfGuA4bR/ORKTAbhZo2AbWNRCnevdo=
golang.org/x/sys v0.0.0-20200625212154-ddb9806d33ae/go.mod h1:h1NjWce9XRLGQEsW7wpKNCjG9DtNlClVuFLEZdDNbEs=
gopkg.in/fsnotify.v1 v1.4.7 h1:xOHLXZwVvI9hhs+cLKq5+I5onOuwQLhQwiu63xxlHs4=
gopkg.in/fsnotify.v1 v1.4.7/go.mod h1:Tz8NjZHkW78fSQdbUxIjBTcgA1z1m8ZHf0WmKUhAMys=
gopkg.in/tomb.v1 v1.0.0-20141024135613-dd632973f1e7 h1:uRGJdciOHaEIrze2W8Q3AKkepLTh2hOroT7a+7czfdQ=
gopkg.in/tomb.v1 v1.0.0-20141024135613-dd632973f1e7/go.mod h1:dt/ZhP58zS4L8KSrWDmTeBkI65Dw0HsyUHuEVlX15mw=
